
Microsoft Visual Studio Solution File, Format Version 12.00
# Visual Studio Version 17
VisualStudioVersion = 17.4.33205.214
MinimumVisualStudioVersion = 10.0.40219.1
Project("{FAE04EC0-301F-11D3-BF4B-00C04F79EFBC}") = "ShapeLibrary", "ShapeLibrary\ShapeLibrary.csproj", "{31B78A2B-7821-4008-93EB-D142AC5C3D02}"
EndProject
Project("{FAE04EC0-301F-11D3-BF4B-00C04F79EFBC}") = "ShapeLibrary.Test", "ShapeLibrary.Test\ShapeLibrary.Test.csproj", "{47DA68C5-2890-494B-991F-27622E554166}"
EndProject
Global
	GlobalSection(SolutionConfigurationPlatforms) = preSolution
		Debug|Any CPU = Debug|Any CPU
		Release|Any CPU = Release|Any CPU
	EndGlobalSection
	GlobalSection(ProjectConfigurationPlatforms) = postSolution
		{31B78A2B-7821-4008-93EB-D142AC5C3D02}.Debug|Any CPU.ActiveCfg = Debug|Any CPU
		{31B78A2B-7821-4008-93EB-D142AC5C3D02}.Debug|Any CPU.Build.0 = Debug|Any CPU
		{31B78A2B-7821-4008-93EB-D142AC5C3D02}.Release|Any CPU.ActiveCfg = Release|Any CPU
		{31B78A2B-7821-4008-93EB-D142AC5C3D02}.Release|Any CPU.Build.0 = Release|Any CPU
		{47DA68C5-2890-494B-991F-27622E554166}.Debug|Any CPU.ActiveCfg = Debug|Any CPU
		{47DA68C5-2890-494B-991F-27622E554166}.Debug|Any CPU.Build.0 = Debug|Any CPU
		{47DA68C5-2890-494B-991F-27622E554166}.Release|Any CPU.ActiveCfg = Release|Any CPU
		{47DA68C5-2890-494B-991F-27622E554166}.Release|Any CPU.Build.0 = Release|Any CPU
	EndGlobalSection
	GlobalSection(SolutionProperties) = preSolution
		HideSolutionNode = FALSE
	EndGlobalSection
	GlobalSection(ExtensibilityGlobals) = postSolution
		SolutionGuid = {99A5669A-83DA-47BF-98F1-FA459C8BB6B3}
	EndGlobalSection
EndGlobal
